
Microsoft Visual Studio Solution File, Format Version 12.00
# Visual Studio 15
VisualStudioVersion = 15.0.28307.1300
MinimumVisualStudioVersion = 10.0.40219.1
Project("{FAE04EC0-301F-11D3-BF4B-00C04F79EFBC}") = "ImageFilterApplication", "ImageFilterApplication\ImageFilterApplication.csproj", "{0C1E7460-F4F3-4665-A9DB-852FE5DF644D}"
EndProject
Project("{8BC9CEB8-8B4A-11D0-8D11-00A0C91BC942}") = "ImageFilterConsole", "ImageFilterConsole\ImageFilterConsole.vcxproj", "{F81B50FB-3BD3-48F2-A30E-BD61EEB4487D}"
EndProject
Global
	GlobalSection(SolutionConfigurationPlatforms) = preSolution
		Debug|Any CPU = Debug|Any CPU
		Debug|x64 = Debug|x64
		Debug|x86 = Debug|x86
		Release|Any CPU = Release|Any CPU
		Release|x64 = Release|x64
		Release|x86 = Release|x86
	EndGlobalSection
	GlobalSection(ProjectConfigurationPlatforms) = postSolution
		{0C1E7460-F4F3-4665-A9DB-852FE5DF644D}.Debug|Any CPU.ActiveCfg = Debug|Any CPU
		{0C1E7460-F4F3-4665-A9DB-852FE5DF644D}.Debug|Any CPU.Build.0 = Debug|Any CPU
		{0C1E7460-F4F3-4665-A9DB-852FE5DF644D}.Debug|x64.ActiveCfg = Debug|x64
		{0C1E7460-F4F3-4665-A9DB-852FE5DF644D}.Debug|x64.Build.0 = Debug|x64
		{0C1E7460-F4F3-4665-A9DB-852FE5DF644D}.Debug|x86.ActiveCfg = Debug|Any CPU
		{0C1E7460-F4F3-4665-A9DB-852FE5DF644D}.Debug|x86.Build.0 = Debug|Any CPU
		{0C1E7460-F4F3-4665-A9DB-852FE5DF644D}.Release|Any CPU.ActiveCfg = Release|Any CPU
		{0C1E7460-F4F3-4665-A9DB-852FE5DF644D}.Release|Any CPU.Build.0 = Release|Any CPU
		{0C1E7460-F4F3-4665-A9DB-852FE5DF644D}.Release|x64.ActiveCfg = Release|Any CPU
		{0C1E7460-F4F3-4665-A9DB-852FE5DF644D}.Release|x64.Build.0 = Release|Any CPU
		{0C1E7460-F4F3-4665-A9DB-852FE5DF644D}.Release|x86.ActiveCfg = Release|Any CPU
		{0C1E7460-F4F3-4665-A9DB-852FE5DF644D}.Release|x86.Build.0 = Release|Any CPU
		{F81B50FB-3BD3-48F2-A30E-BD61EEB4487D}.Debug|Any CPU.ActiveCfg = Debug|Win32
		{F81B50FB-3BD3-48F2-A30E-BD61EEB4487D}.Debug|x64.ActiveCfg = Debug|x64
		{F81B50FB-3BD3-48F2-A30E-BD61EEB4487D}.Debug|x64.Build.0 = Debug|x64
		{F81B50FB-3BD3-48F2-A30E-BD61EEB4487D}.Debug|x86.ActiveCfg = Debug|Win32
		{F81B50FB-3BD3-48F2-A30E-BD61EEB4487D}.Debug|x86.Build.0 = Debug|Win32
		{F81B50FB-3BD3-48F2-A30E-BD61EEB4487D}.Release|Any CPU.ActiveCfg = Release|Win32
		{F81B50FB-3BD3-48F2-A30E-BD61EEB4487D}.Release|x64.ActiveCfg = Release|x64
		{F81B50FB-3BD3-48F2-A30E-BD61EEB4487D}.Release|x64.Build.0 = Release|x64
		{F81B50FB-3BD3-48F2-A30E-BD61EEB4487D}.Release|x86.ActiveCfg = Release|Win32
		{F81B50FB-3BD3-48F2-A30E-BD61EEB4487D}.Release|x86.Build.0 = Release|Win32
	EndGlobalSection
	GlobalSection(SolutionProperties) = preSolution
		HideSolutionNode = FALSE
	EndGlobalSection
	GlobalSection(ExtensibilityGlobals) = postSolution
		SolutionGuid = {B19C9264-18BC-4AB0-9621-95013D22CD49}
	EndGlobalSection
EndGlobal
